# This file is automatically @generated by Cargo.
# It is not intended for manual editing.
[[package]]
name = "addr2line"
version = "0.22.0"
source = "registry+https://github.com/rust-lang/crates.io-index"
dependencies = [
 "gimli 0.29.0 (registry+https://github.com/rust-lang/crates.io-index)",
]

[[package]]
name = "adler"
version = "1.0.2"
source = "registry+https://github.com/rust-lang/crates.io-index"

[[package]]
name = "authenticate"
version = "0.0.0"
dependencies = [
 "pawnote 0.0.0",
 "tokio 1.38.0 (registry+https://github.com/rust-lang/crates.io-index)",
]

[[package]]
name = "autocfg"
version = "1.3.0"
source = "registry+https://github.com/rust-lang/crates.io-index"

[[package]]
name = "backtrace"
version = "0.3.73"
source = "registry+https://github.com/rust-lang/crates.io-index"
dependencies = [
 "addr2line 0.22.0 (registry+https://github.com/rust-lang/crates.io-index)",
 "cc 1.1.5 (registry+https://github.com/rust-lang/crates.io-index)",
 "cfg-if 1.0.0 (registry+https://github.com/rust-lang/crates.io-index)",
 "libc 0.2.155 (registry+https://github.com/rust-lang/crates.io-index)",
 "miniz_oxide 0.7.4 (registry+https://github.com/rust-lang/crates.io-index)",
 "object 0.36.1 (registry+https://github.com/rust-lang/crates.io-index)",
 "rustc-demangle 0.1.24 (registry+https://github.com/rust-lang/crates.io-index)",
]

[[package]]
name = "bitflags"
version = "2.6.0"
source = "registry+https://github.com/rust-lang/crates.io-index"

[[package]]
name = "bumpalo"
version = "3.16.0"
source = "registry+https://github.com/rust-lang/crates.io-index"

[[package]]
name = "bytes"
version = "1.6.1"
source = "registry+https://github.com/rust-lang/crates.io-index"

[[package]]
name = "cc"
version = "1.1.5"
source = "registry+https://github.com/rust-lang/crates.io-index"

[[package]]
name = "cfg-if"
version = "1.0.0"
source = "registry+https://github.com/rust-lang/crates.io-index"

[[package]]
name = "form_urlencoded"
version = "1.2.1"
source = "registry+https://github.com/rust-lang/crates.io-index"
dependencies = [
 "percent-encoding 2.3.1 (registry+https://github.com/rust-lang/crates.io-index)",
]

[[package]]
name = "gimli"
version = "0.29.0"
source = "registry+https://github.com/rust-lang/crates.io-index"

[[package]]
name = "hermit-abi"
version = "0.3.9"
source = "registry+https://github.com/rust-lang/crates.io-index"

[[package]]
name = "idna"
version = "0.5.0"
source = "registry+https://github.com/rust-lang/crates.io-index"
dependencies = [
 "unicode-bidi 0.3.15 (registry+https://github.com/rust-lang/crates.io-index)",
 "unicode-normalization 0.1.23 (registry+https://github.com/rust-lang/crates.io-index)",
]

[[package]]
name = "js-sys"
version = "0.3.69"
source = "registry+https://github.com/rust-lang/crates.io-index"
dependencies = [
 "wasm-bindgen 0.2.92 (registry+https://github.com/rust-lang/crates.io-index)",
]

[[package]]
name = "libc"
version = "0.2.155"
source = "registry+https://github.com/rust-lang/crates.io-index"

[[package]]
name = "lock_api"
version = "0.4.12"
source = "registry+https://github.com/rust-lang/crates.io-index"
dependencies = [
 "autocfg 1.3.0 (registry+https://github.com/rust-lang/crates.io-index)",
 "scopeguard 1.2.0 (registry+https://github.com/rust-lang/crates.io-index)",
]

[[package]]
name = "log"
version = "0.4.22"
source = "registry+https://github.com/rust-lang/crates.io-index"

[[package]]
name = "memchr"
version = "2.7.4"
source = "registry+https://github.com/rust-lang/crates.io-index"

[[package]]
name = "miniz_oxide"
version = "0.7.4"
source = "registry+https://github.com/rust-lang/crates.io-index"
dependencies = [
 "adler 1.0.2 (registry+https://github.com/rust-lang/crates.io-index)",
]

[[package]]
name = "mio"
version = "0.8.11"
source = "registry+https://github.com/rust-lang/crates.io-index"
dependencies = [
 "libc 0.2.155 (registry+https://github.com/rust-lang/crates.io-index)",
 "wasi 0.11.0+wasi-snapshot-preview1 (registry+https://github.com/rust-lang/crates.io-index)",
 "windows-sys 0.48.0 (registry+https://github.com/rust-lang/crates.io-index)",
]

[[package]]
name = "num_cpus"
version = "1.16.0"
source = "registry+https://github.com/rust-lang/crates.io-index"
dependencies = [
 "hermit-abi 0.3.9 (registry+https://github.com/rust-lang/crates.io-index)",
 "libc 0.2.155 (registry+https://github.com/rust-lang/crates.io-index)",
]

[[package]]
name = "object"
version = "0.36.1"
source = "registry+https://github.com/rust-lang/crates.io-index"
dependencies = [
 "memchr 2.7.4 (registry+https://github.com/rust-lang/crates.io-index)",
]

[[package]]
name = "once_cell"
version = "1.19.0"
source = "registry+https://github.com/rust-lang/crates.io-index"

[[package]]
name = "parking_lot"
version = "0.12.3"
source = "registry+https://github.com/rust-lang/crates.io-index"
dependencies = [
 "lock_api 0.4.12 (registry+https://github.com/rust-lang/crates.io-index)",
 "parking_lot_core 0.9.10 (registry+https://github.com/rust-lang/crates.io-index)",
]

[[package]]
name = "parking_lot_core"
version = "0.9.10"
source = "registry+https://github.com/rust-lang/crates.io-index"
dependencies = [
 "cfg-if 1.0.0 (registry+https://github.com/rust-lang/crates.io-index)",
 "libc 0.2.155 (registry+https://github.com/rust-lang/crates.io-index)",
 "redox_syscall 0.5.3 (registry+https://github.com/rust-lang/crates.io-index)",
 "smallvec 1.13.2 (registry+https://github.com/rust-lang/crates.io-index)",
 "windows-targets 0.52.6 (registry+https://github.com/rust-lang/crates.io-index)",
]

[[package]]
name = "pawnote"
version = "0.0.0"
dependencies = [
 "url 2.5.2 (registry+https://github.com/rust-lang/crates.io-index)",
]

[[package]]
name = "pawnote_wasm"
version = "0.0.0"
dependencies = [
 "js-sys 0.3.69 (registry+https://github.com/rust-lang/crates.io-index)",
 "pawnote 0.0.0",
 "serde-wasm-bindgen 0.4.5 (registry+https://github.com/rust-lang/crates.io-index)",
 "wasm-bindgen 0.2.92 (registry+https://github.com/rust-lang/crates.io-index)",
 "wasm-bindgen-futures 0.4.42 (registry+https://github.com/rust-lang/crates.io-index)",
]

[[package]]
name = "percent-encoding"
version = "2.3.1"
source = "registry+https://github.com/rust-lang/crates.io-index"

[[package]]
name = "pin-project-lite"
version = "0.2.14"
source = "registry+https://github.com/rust-lang/crates.io-index"

[[package]]
name = "proc-macro2"
version = "1.0.86"
source = "registry+https://github.com/rust-lang/crates.io-index"
dependencies = [
 "unicode-ident 1.0.12 (registry+https://github.com/rust-lang/crates.io-index)",
]

[[package]]
name = "quote"
version = "1.0.36"
source = "registry+https://github.com/rust-lang/crates.io-index"
dependencies = [
 "proc-macro2 1.0.86 (registry+https://github.com/rust-lang/crates.io-index)",
]

[[package]]
name = "redox_syscall"
version = "0.5.3"
source = "registry+https://github.com/rust-lang/crates.io-index"
dependencies = [
 "bitflags 2.6.0 (registry+https://github.com/rust-lang/crates.io-index)",
]

[[package]]
name = "rustc-demangle"
version = "0.1.24"
source = "registry+https://github.com/rust-lang/crates.io-index"

[[package]]
name = "scopeguard"
version = "1.2.0"
source = "registry+https://github.com/rust-lang/crates.io-index"

[[package]]
name = "serde"
version = "1.0.204"
source = "registry+https://github.com/rust-lang/crates.io-index"
dependencies = [
 "serde_derive 1.0.204 (registry+https://github.com/rust-lang/crates.io-index)",
]

[[package]]
name = "serde-wasm-bindgen"
version = "0.4.5"
source = "registry+https://github.com/rust-lang/crates.io-index"
dependencies = [
 "js-sys 0.3.69 (registry+https://github.com/rust-lang/crates.io-index)",
 "serde 1.0.204 (registry+https://github.com/rust-lang/crates.io-index)",
 "wasm-bindgen 0.2.92 (registry+https://github.com/rust-lang/crates.io-index)",
]

[[package]]
name = "serde_derive"
version = "1.0.204"
source = "registry+https://github.com/rust-lang/crates.io-index"
dependencies = [
 "proc-macro2 1.0.86 (registry+https://github.com/rust-lang/crates.io-index)",
 "quote 1.0.36 (registry+https://github.com/rust-lang/crates.io-index)",
 "syn 2.0.71 (registry+https://github.com/rust-lang/crates.io-index)",
]

[[package]]
name = "signal-hook-registry"
version = "1.4.2"
source = "registry+https://github.com/rust-lang/crates.io-index"
dependencies = [
 "libc 0.2.155 (registry+https://github.com/rust-lang/crates.io-index)",
]

[[package]]
name = "smallvec"
version = "1.13.2"
source = "registry+https://github.com/rust-lang/crates.io-index"

[[package]]
name = "socket2"
version = "0.5.7"
source = "registry+https://github.com/rust-lang/crates.io-index"
dependencies = [
 "libc 0.2.155 (registry+https://github.com/rust-lang/crates.io-index)",
 "windows-sys 0.52.0 (registry+https://github.com/rust-lang/crates.io-index)",
]

[[package]]
name = "syn"
version = "2.0.71"
source = "registry+https://github.com/rust-lang/crates.io-index"
dependencies = [
 "proc-macro2 1.0.86 (registry+https://github.com/rust-lang/crates.io-index)",
 "quote 1.0.36 (registry+https://github.com/rust-lang/crates.io-index)",
 "unicode-ident 1.0.12 (registry+https://github.com/rust-lang/crates.io-index)",
]

[[package]]
name = "tinyvec"
version = "1.8.0"
source = "registry+https://github.com/rust-lang/crates.io-index"
dependencies = [
 "tinyvec_macros 0.1.1 (registry+https://github.com/rust-lang/crates.io-index)",
]

[[package]]
name = "tinyvec_macros"
version = "0.1.1"
source = "registry+https://github.com/rust-lang/crates.io-index"

[[package]]
name = "tokio"
version = "1.38.0"
source = "registry+https://github.com/rust-lang/crates.io-index"
dependencies = [
 "backtrace 0.3.73 (registry+https://github.com/rust-lang/crates.io-index)",
 "bytes 1.6.1 (registry+https://github.com/rust-lang/crates.io-index)",
 "libc 0.2.155 (registry+https://github.com/rust-lang/crates.io-index)",
 "mio 0.8.11 (registry+https://github.com/rust-lang/crates.io-index)",
 "num_cpus 1.16.0 (registry+https://github.com/rust-lang/crates.io-index)",
 "parking_lot 0.12.3 (registry+https://github.com/rust-lang/crates.io-index)",
 "pin-project-lite 0.2.14 (registry+https://github.com/rust-lang/crates.io-index)",
 "signal-hook-registry 1.4.2 (registry+https://github.com/rust-lang/crates.io-index)",
 "socket2 0.5.7 (registry+https://github.com/rust-lang/crates.io-index)",
 "tokio-macros 2.3.0 (registry+https://github.com/rust-lang/crates.io-index)",
 "windows-sys 0.48.0 (registry+https://github.com/rust-lang/crates.io-index)",
]

[[package]]
name = "tokio-macros"
version = "2.3.0"
source = "registry+https://github.com/rust-lang/crates.io-index"
dependencies = [
 "proc-macro2 1.0.86 (registry+https://github.com/rust-lang/crates.io-index)",
 "quote 1.0.36 (registry+https://github.com/rust-lang/crates.io-index)",
 "syn 2.0.71 (registry+https://github.com/rust-lang/crates.io-index)",
]

[[package]]
name = "unicode-bidi"
version = "0.3.15"
source = "registry+https://github.com/rust-lang/crates.io-index"

[[package]]
name = "unicode-ident"
version = "1.0.12"
source = "registry+https://github.com/rust-lang/crates.io-index"

[[package]]
name = "unicode-normalization"
version = "0.1.23"
source = "registry+https://github.com/rust-lang/crates.io-index"
dependencies = [
 "tinyvec 1.8.0 (registry+https://github.com/rust-lang/crates.io-index)",
]

[[package]]
name = "url"
version = "2.5.2"
source = "registry+https://github.com/rust-lang/crates.io-index"
dependencies = [
 "form_urlencoded 1.2.1 (registry+https://github.com/rust-lang/crates.io-index)",
 "idna 0.5.0 (registry+https://github.com/rust-lang/crates.io-index)",
 "percent-encoding 2.3.1 (registry+https://github.com/rust-lang/crates.io-index)",
]

[[package]]
name = "wasi"
version = "0.11.0+wasi-snapshot-preview1"
source = "registry+https://github.com/rust-lang/crates.io-index"

[[package]]
name = "wasm-bindgen"
version = "0.2.92"
source = "registry+https://github.com/rust-lang/crates.io-index"
dependencies = [
 "cfg-if 1.0.0 (registry+https://github.com/rust-lang/crates.io-index)",
 "wasm-bindgen-macro 0.2.92 (registry+https://github.com/rust-lang/crates.io-index)",
]

[[package]]
name = "wasm-bindgen-backend"
version = "0.2.92"
source = "registry+https://github.com/rust-lang/crates.io-index"
dependencies = [
 "bumpalo 3.16.0 (registry+https://github.com/rust-lang/crates.io-index)",
 "log 0.4.22 (registry+https://github.com/rust-lang/crates.io-index)",
 "once_cell 1.19.0 (registry+https://github.com/rust-lang/crates.io-index)",
 "proc-macro2 1.0.86 (registry+https://github.com/rust-lang/crates.io-index)",
 "quote 1.0.36 (registry+https://github.com/rust-lang/crates.io-index)",
 "syn 2.0.71 (registry+https://github.com/rust-lang/crates.io-index)",
 "wasm-bindgen-shared 0.2.92 (registry+https://github.com/rust-lang/crates.io-index)",
]

[[package]]
name = "wasm-bindgen-futures"
version = "0.4.42"
source = "registry+https://github.com/rust-lang/crates.io-index"
dependencies = [
 "cfg-if 1.0.0 (registry+https://github.com/rust-lang/crates.io-index)",
 "js-sys 0.3.69 (registry+https://github.com/rust-lang/crates.io-index)",
 "wasm-bindgen 0.2.92 (registry+https://github.com/rust-lang/crates.io-index)",
 "web-sys 0.3.69 (registry+https://github.com/rust-lang/crates.io-index)",
]

[[package]]
name = "wasm-bindgen-macro"
version = "0.2.92"
source = "registry+https://github.com/rust-lang/crates.io-index"
dependencies = [
 "quote 1.0.36 (registry+https://github.com/rust-lang/crates.io-index)",
 "wasm-bindgen-macro-support 0.2.92 (registry+https://github.com/rust-lang/crates.io-index)",
]

[[package]]
name = "wasm-bindgen-macro-support"
version = "0.2.92"
source = "registry+https://github.com/rust-lang/crates.io-index"
dependencies = [
 "proc-macro2 1.0.86 (registry+https://github.com/rust-lang/crates.io-index)",
 "quote 1.0.36 (registry+https://github.com/rust-lang/crates.io-index)",
 "syn 2.0.71 (registry+https://github.com/rust-lang/crates.io-index)",
 "wasm-bindgen-backend 0.2.92 (registry+https://github.com/rust-lang/crates.io-index)",
 "wasm-bindgen-shared 0.2.92 (registry+https://github.com/rust-lang/crates.io-index)",
]

[[package]]
name = "wasm-bindgen-shared"
version = "0.2.92"
source = "registry+https://github.com/rust-lang/crates.io-index"

[[package]]
name = "web-sys"
version = "0.3.69"
source = "registry+https://github.com/rust-lang/crates.io-index"
dependencies = [
 "js-sys 0.3.69 (registry+https://github.com/rust-lang/crates.io-index)",
 "wasm-bindgen 0.2.92 (registry+https://github.com/rust-lang/crates.io-index)",
]

[[package]]
name = "windows-sys"
version = "0.48.0"
source = "registry+https://github.com/rust-lang/crates.io-index"
dependencies = [
 "windows-targets 0.48.5 (registry+https://github.com/rust-lang/crates.io-index)",
]

[[package]]
name = "windows-sys"
version = "0.52.0"
source = "registry+https://github.com/rust-lang/crates.io-index"
dependencies = [
 "windows-targets 0.52.6 (registry+https://github.com/rust-lang/crates.io-index)",
]

[[package]]
name = "windows-targets"
version = "0.48.5"
source = "registry+https://github.com/rust-lang/crates.io-index"
dependencies = [
 "windows_aarch64_gnullvm 0.48.5 (registry+https://github.com/rust-lang/crates.io-index)",
 "windows_aarch64_msvc 0.48.5 (registry+https://github.com/rust-lang/crates.io-index)",
 "windows_i686_gnu 0.48.5 (registry+https://github.com/rust-lang/crates.io-index)",
 "windows_i686_msvc 0.48.5 (registry+https://github.com/rust-lang/crates.io-index)",
 "windows_x86_64_gnu 0.48.5 (registry+https://github.com/rust-lang/crates.io-index)",
 "windows_x86_64_gnullvm 0.48.5 (registry+https://github.com/rust-lang/crates.io-index)",
 "windows_x86_64_msvc 0.48.5 (registry+https://github.com/rust-lang/crates.io-index)",
]

[[package]]
name = "windows-targets"
version = "0.52.6"
source = "registry+https://github.com/rust-lang/crates.io-index"
dependencies = [
 "windows_aarch64_gnullvm 0.52.6 (registry+https://github.com/rust-lang/crates.io-index)",
 "windows_aarch64_msvc 0.52.6 (registry+https://github.com/rust-lang/crates.io-index)",
 "windows_i686_gnu 0.52.6 (registry+https://github.com/rust-lang/crates.io-index)",
 "windows_i686_gnullvm 0.52.6 (registry+https://github.com/rust-lang/crates.io-index)",
 "windows_i686_msvc 0.52.6 (registry+https://github.com/rust-lang/crates.io-index)",
 "windows_x86_64_gnu 0.52.6 (registry+https://github.com/rust-lang/crates.io-index)",
 "windows_x86_64_gnullvm 0.52.6 (registry+https://github.com/rust-lang/crates.io-index)",
 "windows_x86_64_msvc 0.52.6 (registry+https://github.com/rust-lang/crates.io-index)",
]

[[package]]
name = "windows_aarch64_gnullvm"
version = "0.48.5"
source = "registry+https://github.com/rust-lang/crates.io-index"

[[package]]
name = "windows_aarch64_gnullvm"
version = "0.52.6"
source = "registry+https://github.com/rust-lang/crates.io-index"

[[package]]
name = "windows_aarch64_msvc"
version = "0.48.5"
source = "registry+https://github.com/rust-lang/crates.io-index"

[[package]]
name = "windows_aarch64_msvc"
version = "0.52.6"
source = "registry+https://github.com/rust-lang/crates.io-index"

[[package]]
name = "windows_i686_gnu"
version = "0.48.5"
source = "registry+https://github.com/rust-lang/crates.io-index"

[[package]]
name = "windows_i686_gnu"
version = "0.52.6"
source = "registry+https://github.com/rust-lang/crates.io-index"

[[package]]
name = "windows_i686_gnullvm"
version = "0.52.6"
source = "registry+https://github.com/rust-lang/crates.io-index"

[[package]]
name = "windows_i686_msvc"
version = "0.48.5"
source = "registry+https://github.com/rust-lang/crates.io-index"

[[package]]
name = "windows_i686_msvc"
version = "0.52.6"
source = "registry+https://github.com/rust-lang/crates.io-index"

[[package]]
name = "windows_x86_64_gnu"
version = "0.48.5"
source = "registry+https://github.com/rust-lang/crates.io-index"

[[package]]
name = "windows_x86_64_gnu"
version = "0.52.6"
source = "registry+https://github.com/rust-lang/crates.io-index"

[[package]]
name = "windows_x86_64_gnullvm"
version = "0.48.5"
source = "registry+https://github.com/rust-lang/crates.io-index"

[[package]]
name = "windows_x86_64_gnullvm"
version = "0.52.6"
source = "registry+https://github.com/rust-lang/crates.io-index"

[[package]]
name = "windows_x86_64_msvc"
version = "0.48.5"
source = "registry+https://github.com/rust-lang/crates.io-index"

[[package]]
name = "windows_x86_64_msvc"
version = "0.52.6"
source = "registry+https://github.com/rust-lang/crates.io-index"

[metadata]
"checksum addr2line 0.22.0 (registry+https://github.com/rust-lang/crates.io-index)" = "6e4503c46a5c0c7844e948c9a4d6acd9f50cccb4de1c48eb9e291ea17470c678"
"checksum adler 1.0.2 (registry+https://github.com/rust-lang/crates.io-index)" = "f26201604c87b1e01bd3d98f8d5d9a8fcbb815e8cedb41ffccbeb4bf593a35fe"
"checksum autocfg 1.3.0 (registry+https://github.com/rust-lang/crates.io-index)" = "0c4b4d0bd25bd0b74681c0ad21497610ce1b7c91b1022cd21c80c6fbdd9476b0"
"checksum backtrace 0.3.73 (registry+https://github.com/rust-lang/crates.io-index)" = "5cc23269a4f8976d0a4d2e7109211a419fe30e8d88d677cd60b6bc79c5732e0a"
"checksum bitflags 2.6.0 (registry+https://github.com/rust-lang/crates.io-index)" = "b048fb63fd8b5923fc5aa7b340d8e156aec7ec02f0c78fa8a6ddc2613f6f71de"
"checksum bumpalo 3.16.0 (registry+https://github.com/rust-lang/crates.io-index)" = "79296716171880943b8470b5f8d03aa55eb2e645a4874bdbb28adb49162e012c"
"checksum bytes 1.6.1 (registry+https://github.com/rust-lang/crates.io-index)" = "a12916984aab3fa6e39d655a33e09c0071eb36d6ab3aea5c2d78551f1df6d952"
"checksum cc 1.1.5 (registry+https://github.com/rust-lang/crates.io-index)" = "324c74f2155653c90b04f25b2a47a8a631360cb908f92a772695f430c7e31052"
"checksum cfg-if 1.0.0 (registry+https://github.com/rust-lang/crates.io-index)" = "baf1de4339761588bc0619e3cbc0120ee582ebb74b53b4efbf79117bd2da40fd"
"checksum form_urlencoded 1.2.1 (registry+https://github.com/rust-lang/crates.io-index)" = "e13624c2627564efccf4934284bdd98cbaa14e79b0b5a141218e507b3a823456"
"checksum gimli 0.29.0 (registry+https://github.com/rust-lang/crates.io-index)" = "40ecd4077b5ae9fd2e9e169b102c6c330d0605168eb0e8bf79952b256dbefffd"
"checksum hermit-abi 0.3.9 (registry+https://github.com/rust-lang/crates.io-index)" = "d231dfb89cfffdbc30e7fc41579ed6066ad03abda9e567ccafae602b97ec5024"
"checksum idna 0.5.0 (registry+https://github.com/rust-lang/crates.io-index)" = "634d9b1461af396cad843f47fdba5597a4f9e6ddd4bfb6ff5d85028c25cb12f6"
"checksum js-sys 0.3.69 (registry+https://github.com/rust-lang/crates.io-index)" = "29c15563dc2726973df627357ce0c9ddddbea194836909d655df6a75d2cf296d"
"checksum libc 0.2.155 (registry+https://github.com/rust-lang/crates.io-index)" = "97b3888a4aecf77e811145cadf6eef5901f4782c53886191b2f693f24761847c"
"checksum lock_api 0.4.12 (registry+https://github.com/rust-lang/crates.io-index)" = "07af8b9cdd281b7915f413fa73f29ebd5d55d0d3f0155584dade1ff18cea1b17"
"checksum log 0.4.22 (registry+https://github.com/rust-lang/crates.io-index)" = "a7a70ba024b9dc04c27ea2f0c0548feb474ec5c54bba33a7f72f873a39d07b24"
"checksum memchr 2.7.4 (registry+https://github.com/rust-lang/crates.io-index)" = "78ca9ab1a0babb1e7d5695e3530886289c18cf2f87ec19a575a0abdce112e3a3"
"checksum miniz_oxide 0.7.4 (registry+https://github.com/rust-lang/crates.io-index)" = "b8a240ddb74feaf34a79a7add65a741f3167852fba007066dcac1ca548d89c08"
"checksum mio 0.8.11 (registry+https://github.com/rust-lang/crates.io-index)" = "a4a650543ca06a924e8b371db273b2756685faae30f8487da1b56505a8f78b0c"
"checksum num_cpus 1.16.0 (registry+https://github.com/rust-lang/crates.io-index)" = "4161fcb6d602d4d2081af7c3a45852d875a03dd337a6bfdd6e06407b61342a43"
"checksum object 0.36.1 (registry+https://github.com/rust-lang/crates.io-index)" = "081b846d1d56ddfc18fdf1a922e4f6e07a11768ea1b92dec44e42b72712ccfce"
"checksum once_cell 1.19.0 (registry+https://github.com/rust-lang/crates.io-index)" = "3fdb12b2476b595f9358c5161aa467c2438859caa136dec86c26fdd2efe17b92"
"checksum parking_lot 0.12.3 (registry+https://github.com/rust-lang/crates.io-index)" = "f1bf18183cf54e8d6059647fc3063646a1801cf30896933ec2311622cc4b9a27"
"checksum parking_lot_core 0.9.10 (registry+https://github.com/rust-lang/crates.io-index)" = "1e401f977ab385c9e4e3ab30627d6f26d00e2c73eef317493c4ec6d468726cf8"
"checksum percent-encoding 2.3.1 (registry+https://github.com/rust-lang/crates.io-index)" = "e3148f5046208a5d56bcfc03053e3ca6334e51da8dfb19b6cdc8b306fae3283e"
"checksum pin-project-lite 0.2.14 (registry+https://github.com/rust-lang/crates.io-index)" = "bda66fc9667c18cb2758a2ac84d1167245054bcf85d5d1aaa6923f45801bdd02"
"checksum proc-macro2 1.0.86 (registry+https://github.com/rust-lang/crates.io-index)" = "5e719e8df665df0d1c8fbfd238015744736151d4445ec0836b8e628aae103b77"
"checksum quote 1.0.36 (registry+https://github.com/rust-lang/crates.io-index)" = "0fa76aaf39101c457836aec0ce2316dbdc3ab723cdda1c6bd4e6ad4208acaca7"
"checksum redox_syscall 0.5.3 (registry+https://github.com/rust-lang/crates.io-index)" = "2a908a6e00f1fdd0dfd9c0eb08ce85126f6d8bbda50017e74bc4a4b7d4a926a4"
"checksum rustc-demangle 0.1.24 (registry+https://github.com/rust-lang/crates.io-index)" = "719b953e2095829ee67db738b3bfa9fa368c94900df327b3f07fe6e794d2fe1f"
"checksum scopeguard 1.2.0 (registry+https://github.com/rust-lang/crates.io-index)" = "94143f37725109f92c262ed2cf5e59bce7498c01bcc1502d7b9afe439a4e9f49"
"checksum serde 1.0.204 (registry+https://github.com/rust-lang/crates.io-index)" = "bc76f558e0cbb2a839d37354c575f1dc3fdc6546b5be373ba43d95f231bf7c12"
"checksum serde-wasm-bindgen 0.4.5 (registry+https://github.com/rust-lang/crates.io-index)" = "e3b4c031cd0d9014307d82b8abf653c0290fbdaeb4c02d00c63cf52f728628bf"
"checksum serde_derive 1.0.204 (registry+https://github.com/rust-lang/crates.io-index)" = "e0cd7e117be63d3c3678776753929474f3b04a43a080c744d6b0ae2a8c28e222"
"checksum signal-hook-registry 1.4.2 (registry+https://github.com/rust-lang/crates.io-index)" = "a9e9e0b4211b72e7b8b6e85c807d36c212bdb33ea8587f7569562a84df5465b1"
"checksum smallvec 1.13.2 (registry+https://github.com/rust-lang/crates.io-index)" = "3c5e1a9a646d36c3599cd173a41282daf47c44583ad367b8e6837255952e5c67"
"checksum socket2 0.5.7 (registry+https://github.com/rust-lang/crates.io-index)" = "ce305eb0b4296696835b71df73eb912e0f1ffd2556a501fcede6e0c50349191c"
"checksum syn 2.0.71 (registry+https://github.com/rust-lang/crates.io-index)" = "b146dcf730474b4bcd16c311627b31ede9ab149045db4d6088b3becaea046462"
"checksum tinyvec 1.8.0 (registry+https://github.com/rust-lang/crates.io-index)" = "445e881f4f6d382d5f27c034e25eb92edd7c784ceab92a0937db7f2e9471b938"
"checksum tinyvec_macros 0.1.1 (registry+https://github.com/rust-lang/crates.io-index)" = "1f3ccbac311fea05f86f61904b462b55fb3df8837a366dfc601a0161d0532f20"
"checksum tokio 1.38.0 (registry+https://github.com/rust-lang/crates.io-index)" = "ba4f4a02a7a80d6f274636f0aa95c7e383b912d41fe721a31f29e29698585a4a"
"checksum tokio-macros 2.3.0 (registry+https://github.com/rust-lang/crates.io-index)" = "5f5ae998a069d4b5aba8ee9dad856af7d520c3699e6159b185c2acd48155d39a"
"checksum unicode-bidi 0.3.15 (registry+https://github.com/rust-lang/crates.io-index)" = "08f95100a766bf4f8f28f90d77e0a5461bbdb219042e7679bebe79004fed8d75"
"checksum unicode-ident 1.0.12 (registry+https://github.com/rust-lang/crates.io-index)" = "3354b9ac3fae1ff6755cb6db53683adb661634f67557942dea4facebec0fee4b"
"checksum unicode-normalization 0.1.23 (registry+https://github.com/rust-lang/crates.io-index)" = "a56d1686db2308d901306f92a263857ef59ea39678a5458e7cb17f01415101f5"
"checksum url 2.5.2 (registry+https://github.com/rust-lang/crates.io-index)" = "22784dbdf76fdde8af1aeda5622b546b422b6fc585325248a2bf9f5e41e94d6c"
"checksum wasi 0.11.0+wasi-snapshot-preview1 (registry+https://github.com/rust-lang/crates.io-index)" = "9c8d87e72b64a3b4db28d11ce29237c246188f4f51057d65a7eab63b7987e423"
"checksum wasm-bindgen 0.2.92 (registry+https://github.com/rust-lang/crates.io-index)" = "4be2531df63900aeb2bca0daaaddec08491ee64ceecbee5076636a3b026795a8"
"checksum wasm-bindgen-backend 0.2.92 (registry+https://github.com/rust-lang/crates.io-index)" = "614d787b966d3989fa7bb98a654e369c762374fd3213d212cfc0251257e747da"
"checksum wasm-bindgen-futures 0.4.42 (registry+https://github.com/rust-lang/crates.io-index)" = "76bc14366121efc8dbb487ab05bcc9d346b3b5ec0eaa76e46594cabbe51762c0"
"checksum wasm-bindgen-macro 0.2.92 (registry+https://github.com/rust-lang/crates.io-index)" = "a1f8823de937b71b9460c0c34e25f3da88250760bec0ebac694b49997550d726"
"checksum wasm-bindgen-macro-support 0.2.92 (registry+https://github.com/rust-lang/crates.io-index)" = "e94f17b526d0a461a191c78ea52bbce64071ed5c04c9ffe424dcb38f74171bb7"
"checksum wasm-bindgen-shared 0.2.92 (registry+https://github.com/rust-lang/crates.io-index)" = "af190c94f2773fdb3729c55b007a722abb5384da03bc0986df4c289bf5567e96"
"checksum web-sys 0.3.69 (registry+https://github.com/rust-lang/crates.io-index)" = "77afa9a11836342370f4817622a2f0f418b134426d91a82dfb48f532d2ec13ef"
"checksum windows-sys 0.48.0 (registry+https://github.com/rust-lang/crates.io-index)" = "677d2418bec65e3338edb076e806bc1ec15693c5d0104683f2efe857f61056a9"
"checksum windows-sys 0.52.0 (registry+https://github.com/rust-lang/crates.io-index)" = "282be5f36a8ce781fad8c8ae18fa3f9beff57ec1b52cb3de0789201425d9a33d"
"checksum windows-targets 0.48.5 (registry+https://github.com/rust-lang/crates.io-index)" = "9a2fa6e2155d7247be68c096456083145c183cbbbc2764150dda45a87197940c"
"checksum windows-targets 0.52.6 (registry+https://github.com/rust-lang/crates.io-index)" = "9b724f72796e036ab90c1021d4780d4d3d648aca59e491e6b98e725b84e99973"
"checksum windows_aarch64_gnullvm 0.48.5 (registry+https://github.com/rust-lang/crates.io-index)" = "2b38e32f0abccf9987a4e3079dfb67dcd799fb61361e53e2882c3cbaf0d905d8"
"checksum windows_aarch64_gnullvm 0.52.6 (registry+https://github.com/rust-lang/crates.io-index)" = "32a4622180e7a0ec044bb555404c800bc9fd9ec262ec147edd5989ccd0c02cd3"
"checksum windows_aarch64_msvc 0.48.5 (registry+https://github.com/rust-lang/crates.io-index)" = "dc35310971f3b2dbbf3f0690a219f40e2d9afcf64f9ab7cc1be722937c26b4bc"
"checksum windows_aarch64_msvc 0.52.6 (registry+https://github.com/rust-lang/crates.io-index)" = "09ec2a7bb152e2252b53fa7803150007879548bc709c039df7627cabbd05d469"
"checksum windows_i686_gnu 0.48.5 (registry+https://github.com/rust-lang/crates.io-index)" = "a75915e7def60c94dcef72200b9a8e58e5091744960da64ec734a6c6e9b3743e"
"checksum windows_i686_gnu 0.52.6 (registry+https://github.com/rust-lang/crates.io-index)" = "8e9b5ad5ab802e97eb8e295ac6720e509ee4c243f69d781394014ebfe8bbfa0b"
"checksum windows_i686_gnullvm 0.52.6 (registry+https://github.com/rust-lang/crates.io-index)" = "0eee52d38c090b3caa76c563b86c3a4bd71ef1a819287c19d586d7334ae8ed66"
"checksum windows_i686_msvc 0.48.5 (registry+https://github.com/rust-lang/crates.io-index)" = "8f55c233f70c4b27f66c523580f78f1004e8b5a8b659e05a4eb49d4166cca406"
"checksum windows_i686_msvc 0.52.6 (registry+https://github.com/rust-lang/crates.io-index)" = "240948bc05c5e7c6dabba28bf89d89ffce3e303022809e73deaefe4f6ec56c66"
"checksum windows_x86_64_gnu 0.48.5 (registry+https://github.com/rust-lang/crates.io-index)" = "53d40abd2583d23e4718fddf1ebec84dbff8381c07cae67ff7768bbf19c6718e"
"checksum windows_x86_64_gnu 0.52.6 (registry+https://github.com/rust-lang/crates.io-index)" = "147a5c80aabfbf0c7d901cb5895d1de30ef2907eb21fbbab29ca94c5b08b1a78"
"checksum windows_x86_64_gnullvm 0.48.5 (registry+https://github.com/rust-lang/crates.io-index)" = "0b7b52767868a23d5bab768e390dc5f5c55825b6d30b86c844ff2dc7414044cc"
"checksum windows_x86_64_gnullvm 0.52.6 (registry+https://github.com/rust-lang/crates.io-index)" = "24d5b23dc417412679681396f2b49f3de8c1473deb516bd34410872eff51ed0d"
"checksum windows_x86_64_msvc 0.48.5 (registry+https://github.com/rust-lang/crates.io-index)" = "ed94fce61571a4006852b7389a063ab983c02eb1bb37b47f8272ce92d06d9538"
"checksum windows_x86_64_msvc 0.52.6 (registry+https://github.com/rust-lang/crates.io-index)" = "589f6da84c646204747d1270a2a5661ea66ed1cced2631d546fdfb155959f9ec"
